
Microsoft Visual Studio Solution File, Format Version 12.00
# Visual Studio 15
VisualStudioVersion = 15.0.26730.10
MinimumVisualStudioVersion = 10.0.40219.1
Project("{FAE04EC0-301F-11D3-BF4B-00C04F79EFBC}") = "PomodoroApp", "PomodoroApp\PomodoroApp.csproj", "{4ADE420D-F864-45E2-8C4B-E7BF1E98BF1A}"
EndProject
Global
	GlobalSection(SolutionConfigurationPlatforms) = preSolution
		Debug|Any CPU = Debug|Any CPU
		Release|Any CPU = Release|Any CPU
	EndGlobalSection
	GlobalSection(ProjectConfigurationPlatforms) = postSolution
		{4ADE420D-F864-45E2-8C4B-E7BF1E98BF1A}.Debug|Any CPU.ActiveCfg = Debug|Any CPU
		{4ADE420D-F864-45E2-8C4B-E7BF1E98BF1A}.Debug|Any CPU.Build.0 = Debug|Any CPU
		{4ADE420D-F864-45E2-8C4B-E7BF1E98BF1A}.Release|Any CPU.ActiveCfg = Release|Any CPU
		{4ADE420D-F864-45E2-8C4B-E7BF1E98BF1A}.Release|Any CPU.Build.0 = Release|Any CPU
	EndGlobalSection
	GlobalSection(SolutionProperties) = preSolution
		HideSolutionNode = FALSE
	EndGlobalSection
	GlobalSection(ExtensibilityGlobals) = postSolution
		SolutionGuid = {3786C3B8-4E61-496C-92E1-04C99BC92A96}
	EndGlobalSection
EndGlobal
